{
  "requires": true,
  "lockfileVersion": 1,
  "dependencies": {
    "@zagorboda/findmaxinteger": {
      "version": "1.0.4",
      "resolved": "https://registry.npmjs.org/@zagorboda/findmaxinteger/-/findmaxinteger-1.0.4.tgz",
      "integrity": "sha512-X7s0r4KFnsdJo8wzDqUCqgWn/HxwQ65ZAhDNVEAG8l4L59DekWG/puPLfuK0++HBIHrdCsP7rBM1EnmIQ10Ylw=="
    }
  }
}
